{
  "version": 4,
  "terraform_version": "1.7.4",
  "serial": 141,
  "lineage": "1cb7901c-d951-266b-8745-e3deea346e97",
  "outputs": {},
  "resources": [
    {
      "mode": "managed",
      "type": "yandex_vpc_gateway",
      "name": "egress-gateway",
      "provider": "provider[\"registry.terraform.io/yandex-cloud/yandex\"]",
      "instances": [
        {
          "index_key": "nat-gw-zone-a",
          "schema_version": 0,
          "attributes": {
            "created_at": "2024-03-11T19:06:45Z",
            "description": "",
            "folder_id": "b1g016qnnfs1v2g4jdue",
            "id": "enpkq100udecop29j6e8",
            "labels": {},
            "name": "nat-gw-zone-a",
            "shared_egress_gateway": [
              {}
            ],
            "timeouts": null
          },
          "sensitive_attributes": [],
          "private": "eyJlMmJmYjczMC1lY2FhLTExZTYtOGY4OC0zNDM2M2JjN2M0YzAiOnsiY3JlYXRlIjo2MDAwMDAwMDAwMCwiZGVsZXRlIjo2MDAwMDAwMDAwMCwidXBkYXRlIjo2MDAwMDAwMDAwMH19"
        },
        {
          "index_key": "nat-gw-zone-b",
          "schema_version": 0,
          "attributes": {
            "created_at": "2024-03-11T19:06:46Z",
            "description": "",
            "folder_id": "b1g016qnnfs1v2g4jdue",
            "id": "enpkq16c14p1ph2ct7ol",
            "labels": {},
            "name": "nat-gw-zone-b",
            "shared_egress_gateway": [
              {}
            ],
            "timeouts": null
          },
          "sensitive_attributes": [],
          "private": "eyJlMmJmYjczMC1lY2FhLTExZTYtOGY4OC0zNDM2M2JjN2M0YzAiOnsiY3JlYXRlIjo2MDAwMDAwMDAwMCwiZGVsZXRlIjo2MDAwMDAwMDAwMCwidXBkYXRlIjo2MDAwMDAwMDAwMH19"
        },
        {
          "index_key": "nat-gw-zone-d",
          "schema_version": 0,
          "attributes": {
            "created_at": "2024-03-11T19:06:45Z",
            "description": "",
            "folder_id": "b1g016qnnfs1v2g4jdue",
            "id": "enpkq1ejgqd13eunp990",
            "labels": {},
            "name": "nat-gw-zone-d",
            "shared_egress_gateway": [
              {}
            ],
            "timeouts": null
          },
          "sensitive_attributes": [],
          "private": "eyJlMmJmYjczMC1lY2FhLTExZTYtOGY4OC0zNDM2M2JjN2M0YzAiOnsiY3JlYXRlIjo2MDAwMDAwMDAwMCwiZGVsZXRlIjo2MDAwMDAwMDAwMCwidXBkYXRlIjo2MDAwMDAwMDAwMH19"
        }
      ]
    },
    {
      "mode": "managed",
      "type": "yandex_vpc_network",
      "name": "vpc",
      "provider": "provider[\"registry.terraform.io/yandex-cloud/yandex\"]",
      "instances": [
        {
          "schema_version": 0,
          "attributes": {
            "created_at": "2024-03-11T19:06:45Z",
            "default_security_group_id": "enp1rilf68sgfodd3nkv",
            "description": "Test VPC Network",
            "folder_id": "b1g016qnnfs1v2g4jdue",
            "id": "enptl0a2tllgpb6ku6cd",
            "labels": {},
            "name": "my-yc-vpc-network",
            "subnet_ids": [],
            "timeouts": null
          },
          "sensitive_attributes": [],
          "private": "eyJlMmJmYjczMC1lY2FhLTExZTYtOGY4OC0zNDM2M2JjN2M0YzAiOnsiY3JlYXRlIjo2MDAwMDAwMDAwMCwiZGVsZXRlIjo2MDAwMDAwMDAwMCwidXBkYXRlIjo2MDAwMDAwMDAwMH19"
        }
      ]
    },
    {
      "mode": "managed",
      "type": "yandex_vpc_route_table",
      "name": "rt",
      "provider": "provider[\"registry.terraform.io/yandex-cloud/yandex\"]",
      "instances": [
        {
          "index_key": "my-yc-vpc-network-rt-zone-a",
          "schema_version": 0,
          "attributes": {
            "created_at": "2024-03-11T19:06:48Z",
            "description": "",
            "folder_id": "b1g016qnnfs1v2g4jdue",
            "id": "enpiqv6t5vcef14t5th8",
            "labels": {},
            "name": "my-yc-vpc-network-rt-zone-a",
            "network_id": "enptl0a2tllgpb6ku6cd",
            "static_route": [
              {
                "destination_prefix": "0.0.0.0/0",
                "gateway_id": "enpkq100udecop29j6e8",
                "next_hop_address": ""
              }
            ],
            "timeouts": null
          },
          "sensitive_attributes": [],
          "private": "eyJlMmJmYjczMC1lY2FhLTExZTYtOGY4OC0zNDM2M2JjN2M0YzAiOnsiY3JlYXRlIjoxODAwMDAwMDAwMDAsImRlbGV0ZSI6MTgwMDAwMDAwMDAwLCJ1cGRhdGUiOjE4MDAwMDAwMDAwMH19",
          "dependencies": [
            "yandex_vpc_gateway.egress-gateway",
            "yandex_vpc_network.vpc"
          ]
        },
        {
          "index_key": "my-yc-vpc-network-rt-zone-b",
          "schema_version": 0,
          "attributes": {
            "created_at": "2024-03-11T19:06:49Z",
            "description": "",
            "folder_id": "b1g016qnnfs1v2g4jdue",
            "id": "enpgs843vaq08h5bqdtl",
            "labels": {},
            "name": "my-yc-vpc-network-rt-zone-b",
            "network_id": "enptl0a2tllgpb6ku6cd",
            "static_route": [
              {
                "destination_prefix": "0.0.0.0/0",
                "gateway_id": "enpkq16c14p1ph2ct7ol",
                "next_hop_address": ""
              }
            ],
            "timeouts": null
          },
          "sensitive_attributes": [],
          "private": "eyJlMmJmYjczMC1lY2FhLTExZTYtOGY4OC0zNDM2M2JjN2M0YzAiOnsiY3JlYXRlIjoxODAwMDAwMDAwMDAsImRlbGV0ZSI6MTgwMDAwMDAwMDAwLCJ1cGRhdGUiOjE4MDAwMDAwMDAwMH19",
          "dependencies": [
            "yandex_vpc_gateway.egress-gateway",
            "yandex_vpc_network.vpc"
          ]
        },
        {
          "index_key": "my-yc-vpc-network-rt-zone-d",
          "schema_version": 0,
          "attributes": {
            "created_at": "2024-03-11T19:06:48Z",
            "description": "",
            "folder_id": "b1g016qnnfs1v2g4jdue",
            "id": "enp6osaprealovck6hqa",
            "labels": {},
            "name": "my-yc-vpc-network-rt-zone-d",
            "network_id": "enptl0a2tllgpb6ku6cd",
            "static_route": [
              {
                "destination_prefix": "0.0.0.0/0",
                "gateway_id": "enpkq1ejgqd13eunp990",
                "next_hop_address": ""
              }
            ],
            "timeouts": null
          },
          "sensitive_attributes": [],
          "private": "eyJlMmJmYjczMC1lY2FhLTExZTYtOGY4OC0zNDM2M2JjN2M0YzAiOnsiY3JlYXRlIjoxODAwMDAwMDAwMDAsImRlbGV0ZSI6MTgwMDAwMDAwMDAwLCJ1cGRhdGUiOjE4MDAwMDAwMDAwMH19",
          "dependencies": [
            "yandex_vpc_gateway.egress-gateway",
            "yandex_vpc_network.vpc"
          ]
        }
      ]
    },
    {
      "mode": "managed",
      "type": "yandex_vpc_subnet",
      "name": "subnet-int",
      "provider": "provider[\"registry.terraform.io/yandex-cloud/yandex\"]",
      "instances": [
        {
          "index_key": "subnet-10-200-0-0",
          "schema_version": 0,
          "attributes": {
            "created_at": "2024-03-11T19:06:51Z",
            "description": "",
            "dhcp_options": [],
            "folder_id": "b1g016qnnfs1v2g4jdue",
            "id": "e9b9t5nstmbae378d4rv",
            "labels": {},
            "name": "subnet-10-200-0-0",
            "network_id": "enptl0a2tllgpb6ku6cd",
            "route_table_id": "enpiqv6t5vcef14t5th8",
            "timeouts": null,
            "v4_cidr_blocks": [
              "10.200.0.0/24"
            ],
            "v6_cidr_blocks": [],
            "zone": "ru-central1-a"
          },
          "sensitive_attributes": [],
          "private": "eyJlMmJmYjczMC1lY2FhLTExZTYtOGY4OC0zNDM2M2JjN2M0YzAiOnsiY3JlYXRlIjoxODAwMDAwMDAwMDAsImRlbGV0ZSI6MTgwMDAwMDAwMDAwLCJ1cGRhdGUiOjE4MDAwMDAwMDAwMH19",
          "dependencies": [
            "yandex_vpc_gateway.egress-gateway",
            "yandex_vpc_network.vpc",
            "yandex_vpc_route_table.rt"
          ]
        },
        {
          "index_key": "subnet-10-200-100-0",
          "schema_version": 0,
          "attributes": {
            "created_at": "2024-03-11T19:06:52Z",
            "description": "",
            "dhcp_options": [],
            "folder_id": "b1g016qnnfs1v2g4jdue",
            "id": "fl8bhvj2vpcglb0c407e",
            "labels": {},
            "name": "subnet-10-200-100-0",
            "network_id": "enptl0a2tllgpb6ku6cd",
            "route_table_id": "enp6osaprealovck6hqa",
            "timeouts": null,
            "v4_cidr_blocks": [
              "10.200.100.0/24"
            ],
            "v6_cidr_blocks": [],
            "zone": "ru-central1-d"
          },
          "sensitive_attributes": [],
          "private": "eyJlMmJmYjczMC1lY2FhLTExZTYtOGY4OC0zNDM2M2JjN2M0YzAiOnsiY3JlYXRlIjoxODAwMDAwMDAwMDAsImRlbGV0ZSI6MTgwMDAwMDAwMDAwLCJ1cGRhdGUiOjE4MDAwMDAwMDAwMH19",
          "dependencies": [
            "yandex_vpc_gateway.egress-gateway",
            "yandex_vpc_network.vpc",
            "yandex_vpc_route_table.rt"
          ]
        },
        {
          "index_key": "subnet-10-200-50-0",
          "schema_version": 0,
          "attributes": {
            "created_at": "2024-03-11T19:06:50Z",
            "description": "",
            "dhcp_options": [],
            "folder_id": "b1g016qnnfs1v2g4jdue",
            "id": "e2lljgj30806drshvthg",
            "labels": {},
            "name": "subnet-10-200-50-0",
            "network_id": "enptl0a2tllgpb6ku6cd",
            "route_table_id": "enpgs843vaq08h5bqdtl",
            "timeouts": null,
            "v4_cidr_blocks": [
              "10.200.50.0/24"
            ],
            "v6_cidr_blocks": [],
            "zone": "ru-central1-b"
          },
          "sensitive_attributes": [],
          "private": "eyJlMmJmYjczMC1lY2FhLTExZTYtOGY4OC0zNDM2M2JjN2M0YzAiOnsiY3JlYXRlIjoxODAwMDAwMDAwMDAsImRlbGV0ZSI6MTgwMDAwMDAwMDAwLCJ1cGRhdGUiOjE4MDAwMDAwMDAwMH19",
          "dependencies": [
            "yandex_vpc_gateway.egress-gateway",
            "yandex_vpc_network.vpc",
            "yandex_vpc_route_table.rt"
          ]
        }
      ]
    }
  ],
  "check_results": null
}
